
Microsoft Visual Studio Solution File, Format Version 12.00
# Visual Studio Version 17
VisualStudioVersion = 17.7.34202.233
MinimumVisualStudioVersion = 10.0.40219.1
Project("{FAE04EC0-301F-11D3-BF4B-00C04F79EFBC}") = "Calculadora de IMC", "Calculadora de IMC\Calculadora de IMC.csproj", "{C5F4FFC4-8405-461D-AF0B-0D806C9E9132}"
EndProject
Global
	GlobalSection(SolutionConfigurationPlatforms) = preSolution
		Debug|Any CPU = Debug|Any CPU
		Release|Any CPU = Release|Any CPU
	EndGlobalSection
	GlobalSection(ProjectConfigurationPlatforms) = postSolution
		{C5F4FFC4-8405-461D-AF0B-0D806C9E9132}.Debug|Any CPU.ActiveCfg = Debug|Any CPU
		{C5F4FFC4-8405-461D-AF0B-0D806C9E9132}.Debug|Any CPU.Build.0 = Debug|Any CPU
		{C5F4FFC4-8405-461D-AF0B-0D806C9E9132}.Release|Any CPU.ActiveCfg = Release|Any CPU
		{C5F4FFC4-8405-461D-AF0B-0D806C9E9132}.Release|Any CPU.Build.0 = Release|Any CPU
	EndGlobalSection
	GlobalSection(SolutionProperties) = preSolution
		HideSolutionNode = FALSE
	EndGlobalSection
	GlobalSection(ExtensibilityGlobals) = postSolution
		SolutionGuid = {47BD8540-9649-4627-8E78-4E140AFAA186}
	EndGlobalSection
EndGlobal
